{
  "requires": true,
  "lockfileVersion": 1,
  "dependencies": {
    "@dcloudio/uni-ui": {
      "version": "1.4.23",
      "resolved": "https://registry.npmmirror.com/@dcloudio/uni-ui/-/uni-ui-1.4.23.tgz",
      "integrity": "sha512-FJRkhL240gin9WvOunY38Yi2/0FzTLVlEI3dxcjzaV1oYa81o+IWEf/29YDiRrsHuvYDk9g600QgiZLC+A6ycA=="
    },
    "ajax": {
      "version": "2.4.5",
      "resolved": "https://registry.npmjs.org/ajax/-/ajax-2.4.5.tgz",
      "integrity": "sha512-JdqoyfLaP+HJHvW44pqOLVrC2tquyQJyYuLtM/Vox1/OWTOiPrSh9zpIc62Dtd4/rkBN9vGUhRcyeqFocv5Hcg=="
    },
    "uni-read-pages": {
      "version": "1.0.5",
      "resolved": "https://registry.npmjs.org/uni-read-pages/-/uni-read-pages-1.0.5.tgz",
      "integrity": "sha512-GkrrZ0LX0vn9R5k6RKEi0Ez3Q3e2vUpjXQ8Z6/K/d28KudI9ajqgt8WEjQFlG5EPm1K6uTArN8LlqmZTEixDUA=="
    },
    "uni-simple-router": {
      "version": "2.0.7",
      "resolved": "https://registry.npmjs.org/uni-simple-router/-/uni-simple-router-2.0.7.tgz",
      "integrity": "sha512-8FKv5dw7Eoonm0gkO8udprrxzin0fNUI0+AvIphFkFRH5ZmP5ZWJ2pvnWzb2NiiqQSECTSU5VSB7HhvOSwD5eA=="
    },
    "uview-ui": {
      "version": "2.0.35",
      "resolved": "https://registry.npmmirror.com/uview-ui/-/uview-ui-2.0.35.tgz",
      "integrity": "sha512-OfMttN3XkHvQosXfd8bjz8ASTvypPoGzBWmQZBJ871bYMCA7t2bDFPlzjbxUj/5ykAjKnZ8zMUapSwSisVt99g=="
    }
  }
}
